NeoBundleLock EasyMotion bde4831d5c6922440651a3423c9b60116415f1db
NeoBundleLock Syntastic 996c560f494b3db2ff33539457fb9976733cd627
NeoBundleLock Tabular 4c3eafd97f0c0199a8630fb77c2160c58142d524
NeoBundleLock Tagbar e777dbb9723399045e4e69e86592e33da1b14758
NeoBundleLock The-NERD-Commenter 49ad4597dd8ed8ecb210ba9cbc9f42a5f47adb35
NeoBundleLock ack.vim 0a7d28bfb130696f73d122cac99d8903e066c896
NeoBundleLock ctrlp.vim b5d3fe66a58a13d2ff8b6391f4387608496a030f
NeoBundleLock delimitMate 8bc47fd1c40cdad9ea1f36c0cf13592c70ea65e9
NeoBundleLock delimitMate.vim a2bda0d9199bc8343ffdbff2b562b1e2486a67b5
NeoBundleLock fugitive.vim 8971268d91b2bdd12035ceb3319c17c1d69394be
NeoBundleLock greplace.vim 475d5675ff7258b50446a723fd173c9fba2f8e6a
NeoBundleLock lightline.vim 47a9f8776f84385273db1c7b0e73e3881c0a5073
NeoBundleLock neobundle.vim 5684e1d327ab99f3b2e6ce340419d3edde049e70
NeoBundleLock supertab 9f7da6d4988daf863ebc414f221bb12c2614f59e
NeoBundleLock switch.vim 544cdeaf291d9cb54c61bd8bbee4e2c7cfcd74bb
NeoBundleLock tlib_vim e6830e5fe7a10759a4d9d5d1f2334746b9bd89d7
NeoBundleLock vim-addon-mw-utils 0c5612fa31ee434ba055e21c76f456244b3b5109
NeoBundleLock vim-coffee-script 0d2bd483283346629cb8e34822114276792f4fa9
NeoBundleLock vim-fugitive b5188a1b4f9aabd1454f7b8dd621d467ca7ee3a7
NeoBundleLock vim-go 17b57b9069818216be1518defd74e9896ba0eb20
NeoBundleLock vim-ruby 3db2f8362011c984d1acfcae42b5cedf9b64219f
NeoBundleLock vim-snipmate e2d294b3962acbe7d8333bade2ebdb0ccde06740
NeoBundleLock vim-snippets 76bf1513a4c0caf934ca9698e129033332c5ae1d
NeoBundleLock vim-tmux-navigator 999d252134d7bcd5e488a611f795c6500c198d92
